
Microsoft Visual Studio Solution File, Format Version 12.00
Project("{FAE04EC0-301F-11D3-BF4B-00C04F79EFBC}") = "gaiacabinet-api", "gaiacabinet-api.csproj", "{A1393D54-C0C3-482D-8E3A-C812A1C40E72}"
EndProject
Global
	GlobalSection(SolutionConfigurationPlatforms) = preSolution
		Debug|Any CPU = Debug|Any CPU
		Release|Any CPU = Release|Any CPU
	EndGlobalSection
	GlobalSection(ProjectConfigurationPlatforms) = postSolution
		{A1393D54-C0C3-482D-8E3A-C812A1C40E72}.Debug|Any CPU.ActiveCfg = Debug|Any CPU
		{A1393D54-C0C3-482D-8E3A-C812A1C40E72}.Debug|Any CPU.Build.0 = Debug|Any CPU
		{A1393D54-C0C3-482D-8E3A-C812A1C40E72}.Release|Any CPU.ActiveCfg = Release|Any CPU
		{A1393D54-C0C3-482D-8E3A-C812A1C40E72}.Release|Any CPU.Build.0 = Release|Any CPU
	EndGlobalSection
EndGlobal
